// !$*UTF8*$!
{
	archiveVersion = 1;
	classes = {
	};
	objectVersion = 56;
	objects = {

/* Begin PBXBuildFile section */
		9CD993152A1BA22900D01F3B /* AppDelegate.swift in Sources */ = {isa = PBXBuildFile; fileRef = 9CD993142A1BA22900D01F3B /* AppDelegate.swift */; };
		9CD993172A1BA22900D01F3B /* SceneDelegate.swift in Sources */ = {isa = PBXBuildFile; fileRef = 9CD993162A1BA22900D01F3B /* SceneDelegate.swift */; };
		9CD993192A1BA22900D01F3B /* ViewController.swift in Sources */ = {isa = PBXBuildFile; fileRef = 9CD993182A1BA22900D01F3B /* ViewController.swift */; };
		9CD9931C2A1BA22900D01F3B /* Main.storyboard in Resources */ = {isa = PBXBuildFile; fileRef = 9CD9931A2A1BA22900D01F3B /* Main.storyboard */; };
		9CD9931E2A1BA23300D01F3B /* Assets.xcassets in Resources */ = {isa = PBXBuildFile; fileRef = 9CD9931D2A1BA23300D01F3B /* Assets.xcassets */; };
		9CD993212A1BA23300D01F3B /* LaunchScreen.storyboard in Resources */ = {isa = PBXBuildFile; fileRef = 9CD9931F2A1BA23300D01F3B /* LaunchScreen.storyboard */; };
		9CD9932C2A1BA23300D01F3B /* DemoAppTests.swift in Sources */ = {isa = PBXBuildFile; fileRef = 9CD9932B2A1BA23300D01F3B /* DemoAppTests.swift */; };
		9CD993362A1BA23400D01F3B /* DemoAppUITests.swift in Sources */ = {isa = PBXBuildFile; fileRef = 9CD993352A1BA23400D01F3B /* DemoAppUITests.swift */; };
		9CD993382A1BA23400D01F3B /* DemoAppUITestsLaunchTests.swift in Sources */ = {isa = PBXBuildFile; fileRef = 9CD993372A1BA23400D01F3B /* DemoAppUITestsLaunchTests.swift */; };
		9CD993452A1BA26A00D01F3B /* ColorView.swift in Sources */ = {isa = PBXBuildFile; fileRef = 9CD993442A1BA26A00D01F3B /* ColorView.swift */; };
/* End PBXBuildFile section */

/* Begin PBXContainerItemProxy section */
		9CD993282A1BA23300D01F3B /* PBXContainerItemProxy */ = {
			isa = PBXContainerItemProxy;
			containerPortal = 9CD993092A1BA22900D01F3B /* Project object */;
			proxyType = 1;
			remoteGlobalIDString = 9CD993102A1BA22900D01F3B;
			remoteInfo = DemoApp;
		};
		9CD993322A1BA23400D01F3B /* PBXContainerItemProxy */ = {
			isa = PBXContainerItemProxy;
			containerPortal = 9CD993092A1BA22900D01F3B /* Project object */;
			proxyType = 1;
			remoteGlobalIDString = 9CD993102A1BA22900D01F3B;
			remoteInfo = DemoApp;
		};
/* End PBXContainerItemProxy section */

/* Begin PBXFileReference section */
		9CD993112A1BA22900D01F3B /* DemoApp.app */ = {isa = PBXFileReference; explicitFileType = wrapper.application; includeInIndex = 0; path = DemoApp.app; sourceTree = BUILT_PRODUCTS_DIR; };
		9CD993142A1BA22900D01F3B /* AppDelegate.swift */ = {isa = PBXFileReference; lastKnownFileType = sourcecode.swift; path = AppDelegate.swift; sourceTree = "<group>"; };
		9CD993162A1BA22900D01F3B /* SceneDelegate.swift */ = {isa = PBXFileReference; lastKnownFileType = sourcecode.swift; path = SceneDelegate.swift; sourceTree = "<group>"; };
		9CD993182A1BA22900D01F3B /* ViewController.swift */ = {isa = PBXFileReference; lastKnownFileType = sourcecode.swift; path = ViewController.swift; sourceTree = "<group>"; };
		9CD9931B2A1BA22900D01F3B /* Base */ = {isa = PBXFileReference; lastKnownFileType = file.storyboard; name = Base; path = Base.lproj/Main.storyboard; sourceTree = "<group>"; };
		9CD9931D2A1BA23300D01F3B /* Assets.xcassets */ = {isa = PBXFileReference; lastKnownFileType = folder.assetcatalog; path = Assets.xcassets; sourceTree = "<group>"; };
		9CD993202A1BA23300D01F3B /* Base */ = {isa = PBXFileReference; lastKnownFileType = file.storyboard; name = Base; path = Base.lproj/LaunchScreen.storyboard; sourceTree = "<group>"; };
		9CD993222A1BA23300D01F3B /* Info.plist */ = {isa = PBXFileReference; lastKnownFileType = text.plist.xml; path = Info.plist; sourceTree = "<group>"; };
		9CD993272A1BA23300D01F3B /* DemoAppTests.xctest */ = {isa = PBXFileReference; explicitFileType = wrapper.cfbundle; includeInIndex = 0; path = DemoAppTests.xctest; sourceTree = BUILT_PRODUCTS_DIR; };
		9CD9932B2A1BA23300D01F3B /* DemoAppTests.swift */ = {isa = PBXFileReference; lastKnownFileType = sourcecode.swift; path = DemoAppTests.swift; sourceTree = "<group>"; };
		9CD993312A1BA23400D01F3B /* DemoAppUITests.xctest */ = {isa = PBXFileReference; explicitFileType = wrapper.cfbundle; includeInIndex = 0; path = DemoAppUITests.xctest; sourceTree = BUILT_PRODUCTS_DIR; };
		9CD993352A1BA23400D01F3B /* DemoAppUITests.swift */ = {isa = PBXFileReference; lastKnownFileType = sourcecode.swift; path = DemoAppUITests.swift; sourceTree = "<group>"; };
		9CD993372A1BA23400D01F3B /* DemoAppUITestsLaunchTests.swift */ = {isa = PBXFileReference; lastKnownFileType = sourcecode.swift; path = DemoAppUITestsLaunchTests.swift; sourceTree = "<group>"; };
		9CD993442A1BA26A00D01F3B /* ColorView.swift */ = {isa = PBXFileReference; lastKnownFileType = sourcecode.swift; path = ColorView.swift; sourceTree = "<group>"; };
/* End PBXFileReference section */

/* Begin PBXFrameworksBuildPhase section */
		9CD9930E2A1BA22900D01F3B /* Frameworks */ = {
			isa = PBXFrameworksBuildPhase;
			buildActionMask = 2147483647;
			files = (
			);
			runOnlyForDeploymentPostprocessing = 0;
		};
		9CD993242A1BA23300D01F3B /* Frameworks */ = {
			isa = PBXFrameworksBuildPhase;
			buildActionMask = 2147483647;
			files = (
			);
			runOnlyForDeploymentPostprocessing = 0;
		};
		9CD9932E2A1BA23400D01F3B /* Frameworks */ = {
			isa = PBXFrameworksBuildPhase;
			buildActionMask = 2147483647;
			files = (
			);
			runOnlyForDeploymentPostprocessing = 0;
		};
/* End PBXFrameworksBuildPhase section */

/* Begin PBXGroup section */
		9CD993082A1BA22900D01F3B = {
			isa = PBXGroup;
			children = (
				9CD993132A1BA22900D01F3B /* DemoApp */,
				9CD9932A2A1BA23300D01F3B /* DemoAppTests */,
				9CD993342A1BA23400D01F3B /* DemoAppUITests */,
				9CD993122A1BA22900D01F3B /* Products */,
			);
			sourceTree = "<group>";
		};
		9CD993122A1BA22900D01F3B /* Products */ = {
			isa = PBXGroup;
			children = (
				9CD993112A1BA22900D01F3B /* DemoApp.app */,
				9CD993272A1BA23300D01F3B /* DemoAppTests.xctest */,
				9CD993312A1BA23400D01F3B /* DemoAppUITests.xctest */,
			);
			name = Products;
			sourceTree = "<group>";
		};
		9CD993132A1BA22900D01F3B /* DemoApp */ = {
			isa = PBXGroup;
			children = (
				9CD993142A1BA22900D01F3B /* AppDelegate.swift */,
				9CD993162A1BA22900D01F3B /* SceneDelegate.swift */,
				9CD993182A1BA22900D01F3B /* ViewController.swift */,
				9CD9931A2A1BA22900D01F3B /* Main.storyboard */,
				9CD9931D2A1BA23300D01F3B /* Assets.xcassets */,
				9CD9931F2A1BA23300D01F3B /* LaunchScreen.storyboard */,
				9CD993222A1BA23300D01F3B /* Info.plist */,
				9CD993442A1BA26A00D01F3B /* ColorView.swift */,
			);
			path = DemoApp;
			sourceTree = "<group>";
		};
		9CD9932A2A1BA23300D01F3B /* DemoAppTests */ = {
			isa = PBXGroup;
			children = (
				9CD9932B2A1BA23300D01F3B /* DemoAppTests.swift */,
			);
			path = DemoAppTests;
			sourceTree = "<group>";
		};
		9CD993342A1BA23400D01F3B /* DemoAppUITests */ = {
			isa = PBXGroup;
			children = (
				9CD993352A1BA23400D01F3B /* DemoAppUITests.swift */,
				9CD993372A1BA23400D01F3B /* DemoAppUITestsLaunchTests.swift */,
			);
			path = DemoAppUITests;
			sourceTree = "<group>";
		};
/* End PBXGroup section */

/* Begin PBXNativeTarget section */
		9CD993102A1BA22900D01F3B /* DemoApp */ = {
			isa = PBXNativeTarget;
			buildConfigurationList = 9CD9933B2A1BA23400D01F3B /* Build configuration list for PBXNativeTarget "DemoApp" */;
			buildPhases = (
				9CD9930D2A1BA22900D01F3B /* Sources */,
				9CD9930E2A1BA22900D01F3B /* Frameworks */,
				9CD9930F2A1BA22900D01F3B /* Resources */,
			);
			buildRules = (
			);
			dependencies = (
			);
			name = DemoApp;
			productName = DemoApp;
			productReference = 9CD993112A1BA22900D01F3B /* DemoApp.app */;
			productType = "com.apple.product-type.application";
		};
		9CD993262A1BA23300D01F3B /* DemoAppTests */ = {
			isa = PBXNativeTarget;
			buildConfigurationList = 9CD9933E2A1BA23400D01F3B /* Build configuration list for PBXNativeTarget "DemoAppTests" */;
			buildPhases = (
				9CD993232A1BA23300D01F3B /* Sources */,
				9CD993242A1BA23300D01F3B /* Frameworks */,
				9CD993252A1BA23300D01F3B /* Resources */,
			);
			buildRules = (
			);
			dependencies = (
				9CD993292A1BA23300D01F3B /* PBXTargetDependency */,
			);
			name = DemoAppTests;
			productName = DemoAppTests;
			productReference = 9CD993272A1BA23300D01F3B /* DemoAppTests.xctest */;
			productType = "com.apple.product-type.bundle.unit-test";
		};
		9CD993302A1BA23400D01F3B /* DemoAppUITests */ = {
			isa = PBXNativeTarget;
			buildConfigurationList = 9CD993412A1BA23400D01F3B /* Build configuration list for PBXNativeTarget "DemoAppUITests" */;
			buildPhases = (
				9CD9932D2A1BA23400D01F3B /* Sources */,
				9CD9932E2A1BA23400D01F3B /* Frameworks */,
				9CD9932F2A1BA23400D01F3B /* Resources */,
			);
			buildRules = (
			);
			dependencies = (
				9CD993332A1BA23400D01F3B /* PBXTargetDependency */,
			);
			name = DemoAppUITests;
			productName = DemoAppUITests;
			productReference = 9CD993312A1BA23400D01F3B /* DemoAppUITests.xctest */;
			productType = "com.apple.product-type.bundle.ui-testing";
		};
/* End PBXNativeTarget section */

/* Begin PBXProject section */
		9CD993092A1BA22900D01F3B /* Project object */ = {
			isa = PBXProject;
			attributes = {
				BuildIndependentTargetsInParallel = 1;
				LastSwiftUpdateCheck = 1420;
				LastUpgradeCheck = 1420;
				TargetAttributes = {
					9CD993102A1BA22900D01F3B = {
						CreatedOnToolsVersion = 14.2;
					};
					9CD993262A1BA23300D01F3B = {
						CreatedOnToolsVersion = 14.2;
						TestTargetID = 9CD993102A1BA22900D01F3B;
					};
					9CD993302A1BA23400D01F3B = {
						CreatedOnToolsVersion = 14.2;
						TestTargetID = 9CD993102A1BA22900D01F3B;
					};
				};
			};
			buildConfigurationList = 9CD9930C2A1BA22900D01F3B /* Build configuration list for PBXProject "DemoApp" */;
			compatibilityVersion = "Xcode 14.0";
			developmentRegion = en;
			hasScannedForEncodings = 0;
			knownRegions = (
				en,
				Base,
			);
			mainGroup = 9CD993082A1BA22900D01F3B;
			productRefGroup = 9CD993122A1BA22900D01F3B /* Products */;
			projectDirPath = "";
			projectRoot = "";
			targets = (
				9CD993102A1BA22900D01F3B /* DemoApp */,
				9CD993262A1BA23300D01F3B /* DemoAppTests */,
				9CD993302A1BA23400D01F3B /* DemoAppUITests */,
			);
		};
/* End PBXProject section */

/* Begin PBXResourcesBuildPhase section */
		9CD9930F2A1BA22900D01F3B /* Resources */ = {
			isa = PBXResourcesBuildPhase;
			buildActionMask = 2147483647;
			files = (
				9CD993212A1BA23300D01F3B /* LaunchScreen.storyboard in Resources */,
				9CD9931E2A1BA23300D01F3B /* Assets.xcassets in Resources */,
				9CD9931C2A1BA22900D01F3B /* Main.storyboard in Resources */,
			);
			runOnlyForDeploymentPostprocessing = 0;
		};
		9CD993252A1BA23300D01F3B /* Resources */ = {
			isa = PBXResourcesBuildPhase;
			buildActionMask = 2147483647;
			files = (
			);
			runOnlyForDeploymentPostprocessing = 0;
		};
		9CD9932F2A1BA23400D01F3B /* Resources */ = {
			isa = PBXResourcesBuildPhase;
			buildActionMask = 2147483647;
			files = (
			);
			runOnlyForDeploymentPostprocessing = 0;
		};
/* End PBXResourcesBuildPhase section */

/* Begin PBXSourcesBuildPhase section */
		9CD9930D2A1BA22900D01F3B /* Sources */ = {
			isa = PBXSourcesBuildPhase;
			buildActionMask = 2147483647;
			files = (
				9CD993452A1BA26A00D01F3B /* ColorView.swift in Sources */,
				9CD993192A1BA22900D01F3B /* ViewController.swift in Sources */,
				9CD993152A1BA22900D01F3B /* AppDelegate.swift in Sources */,
				9CD993172A1BA22900D01F3B /* SceneDelegate.swift in Sources */,
			);
			runOnlyForDeploymentPostprocessing = 0;
		};
		9CD993232A1BA23300D01F3B /* Sources */ = {
			isa = PBXSourcesBuildPhase;
			buildActionMask = 2147483647;
			files = (
				9CD9932C2A1BA23300D01F3B /* DemoAppTests.swift in Sources */,
			);
			runOnlyForDeploymentPostprocessing = 0;
		};
		9CD9932D2A1BA23400D01F3B /* Sources */ = {
			isa = PBXSourcesBuildPhase;
			buildActionMask = 2147483647;
			files = (
				9CD993362A1BA23400D01F3B /* DemoAppUITests.swift in Sources */,
				9CD993382A1BA23400D01F3B /* DemoAppUITestsLaunchTests.swift in Sources */,
			);
			runOnlyForDeploymentPostprocessing = 0;
		};
/* End PBXSourcesBuildPhase section */

/* Begin PBXTargetDependency section */
		9CD993292A1BA23300D01F3B /* PBXTargetDependency */ = {
			isa = PBXTargetDependency;
			target = 9CD993102A1BA22900D01F3B /* DemoApp */;
			targetProxy = 9CD993282A1BA23300D01F3B /* PBXContainerItemProxy */;
		};
		9CD993332A1BA23400D01F3B /* PBXTargetDependency */ = {
			isa = PBXTargetDependency;
			target = 9CD993102A1BA22900D01F3B /* DemoApp */;
			targetProxy = 9CD993322A1BA23400D01F3B /* PBXContainerItemProxy */;
		};
/* End PBXTargetDependency section */

/* Begin PBXVariantGroup section */
		9CD9931A2A1BA22900D01F3B /* Main.storyboard */ = {
			isa = PBXVariantGroup;
			children = (
				9CD9931B2A1BA22900D01F3B /* Base */,
			);
			name = Main.storyboard;
			sourceTree = "<group>";
		};
		9CD9931F2A1BA23300D01F3B /* LaunchScreen.storyboard */ = {
			isa = PBXVariantGroup;
			children = (
				9CD993202A1BA23300D01F3B /* Base */,
			);
			name = LaunchScreen.storyboard;
			sourceTree = "<group>";
		};
/* End PBXVariantGroup section */

/* Begin XCBuildConfiguration section */
		9CD993392A1BA23400D01F3B /* Debug */ = {
			isa = XCBuildConfiguration;
			buildSettings = {
				ALWAYS_SEARCH_USER_PATHS = NO;
				CLANG_ANALYZER_NONNULL = YES;
				CLANG_ANALYZER_NUMBER_OBJECT_CONVERSION = YES_AGGRESSIVE;
				CLANG_CXX_LANGUAGE_STANDARD = "gnu++20";
				CLANG_ENABLE_MODULES = YES;
				CLANG_ENABLE_OBJC_ARC = YES;
				CLANG_ENABLE_OBJC_WEAK = YES;
				CLANG_WARN_BLOCK_CAPTURE_AUTORELEASING = YES;
				CLANG_WARN_BOOL_CONVERSION = YES;
				CLANG_WARN_COMMA = YES;
				CLANG_WARN_CONSTANT_CONVERSION = YES;
				CLANG_WARN_DEPRECATED_OBJC_IMPLEMENTATIONS = YES;
				CLANG_WARN_DIRECT_OBJC_ISA_USAGE = YES_ERROR;
				CLANG_WARN_DOCUMENTATION_COMMENTS = YES;
				CLANG_WARN_EMPTY_BODY = YES;
				CLANG_WARN_ENUM_CONVERSION = YES;
				CLANG_WARN_INFINITE_RECURSION = YES;
				CLANG_WARN_INT_CONVERSION = YES;
				CLANG_WARN_NON_LITERAL_NULL_CONVERSION = YES;
				CLANG_WARN_OBJC_IMPLICIT_RETAIN_SELF = YES;
				CLANG_WARN_OBJC_LITERAL_CONVERSION = YES;
				CLANG_WARN_OBJC_ROOT_CLASS = YES_ERROR;
				CLANG_WARN_QUOTED_INCLUDE_IN_FRAMEWORK_HEADER = YES;
				CLANG_WARN_RANGE_LOOP_ANALYSIS = YES;
				CLANG_WARN_STRICT_PROTOTYPES = YES;
				CLANG_WARN_SUSPICIOUS_MOVE = YES;
				CLANG_WARN_UNGUARDED_AVAILABILITY = YES_AGGRESSIVE;
				CLANG_WARN_UNREACHABLE_CODE = YES;
				CLANG_WARN__DUPLICATE_METHOD_MATCH = YES;
				COPY_PHASE_STRIP = NO;
				DEBUG_INFORMATION_FORMAT = dwarf;
				ENABLE_STRICT_OBJC_MSGSEND = YES;
				ENABLE_TESTABILITY = YES;
				GCC_C_LANGUAGE_STANDARD = gnu11;
				GCC_DYNAMIC_NO_PIC = NO;
				GCC_NO_COMMON_BLOCKS = YES;
				GCC_OPTIMIZATION_LEVEL = 0;
				GCC_PREPROCESSOR_DEFINITIONS = (
					"DEBUG=1",
					"$(inherited)",
				);
				GCC_WARN_64_TO_32_BIT_CONVERSION = YES;
				GCC_WARN_ABOUT_RETURN_TYPE = YES_ERROR;
				GCC_WARN_UNDECLARED_SELECTOR = YES;
				GCC_WARN_UNINITIALIZED_AUTOS = YES_AGGRESSIVE;
				GCC_WARN_UNUSED_FUNCTION = YES;
				GCC_WARN_UNUSED_VARIABLE = YES;
				IPHONEOS_DEPLOYMENT_TARGET = 16.2;
				MTL_ENABLE_DEBUG_INFO = INCLUDE_SOURCE;
				MTL_FAST_MATH = YES;
				ONLY_ACTIVE_ARCH = YES;
				SDKROOT = iphoneos;
				SWIFT_ACTIVE_COMPILATION_CONDITIONS = DEBUG;
				SWIFT_OPTIMIZATION_LEVEL = "-Onone";
			};
			name = Debug;
		};
		9CD9933A2A1BA23400D01F3B /* Release */ = {
			isa = XCBuildConfiguration;
			buildSettings = {
				ALWAYS_SEARCH_USER_PATHS = NO;
				CLANG_ANALYZER_NONNULL = YES;
				CLANG_ANALYZER_NUMBER_OBJECT_CONVERSION = YES_AGGRESSIVE;
				CLANG_CXX_LANGUAGE_STANDARD = "gnu++20";
				CLANG_ENABLE_MODULES = YES;
				CLANG_ENABLE_OBJC_ARC = YES;
				CLANG_ENABLE_OBJC_WEAK = YES;
				CLANG_WARN_BLOCK_CAPTURE_AUTORELEASING = YES;
				CLANG_WARN_BOOL_CONVERSION = YES;
				CLANG_WARN_COMMA = YES;
				CLANG_WARN_CONSTANT_CONVERSION = YES;
				CLANG_WARN_DEPRECATED_OBJC_IMPLEMENTATIONS = YES;
				CLANG_WARN_DIRECT_OBJC_ISA_USAGE = YES_ERROR;
				CLANG_WARN_DOCUMENTATION_COMMENTS = YES;
				CLANG_WARN_EMPTY_BODY = YES;
				CLANG_WARN_ENUM_CONVERSION = YES;
				CLANG_WARN_INFINITE_RECURSION = YES;
				CLANG_WARN_INT_CONVERSION = YES;
				CLANG_WARN_NON_LITERAL_NULL_CONVERSION = YES;
				CLANG_WARN_OBJC_IMPLICIT_RETAIN_SELF = YES;
				CLANG_WARN_OBJC_LITERAL_CONVERSION = YES;
				CLANG_WARN_OBJC_ROOT_CLASS = YES_ERROR;
				CLANG_WARN_QUOTED_INCLUDE_IN_FRAMEWORK_HEADER = YES;
				CLANG_WARN_RANGE_LOOP_ANALYSIS = YES;
				CLANG_WARN_STRICT_PROTOTYPES = YES;
				CLANG_WARN_SUSPICIOUS_MOVE = YES;
				CLANG_WARN_UNGUARDED_AVAILABILITY = YES_AGGRESSIVE;
				CLANG_WARN_UNREACHABLE_CODE = YES;
				CLANG_WARN__DUPLICATE_METHOD_MATCH = YES;
				COPY_PHASE_STRIP = NO;
				DEBUG_INFORMATION_FORMAT = "dwarf-with-dsym";
				ENABLE_NS_ASSERTIONS = NO;
				ENABLE_STRICT_OBJC_MSGSEND = YES;
				GCC_C_LANGUAGE_STANDARD = gnu11;
				GCC_NO_COMMON_BLOCKS = YES;
				GCC_WARN_64_TO_32_BIT_CONVERSION = YES;
				GCC_WARN_ABOUT_RETURN_TYPE = YES_ERROR;
				GCC_WARN_UNDECLARED_SELECTOR = YES;
				GCC_WARN_UNINITIALIZED_AUTOS = YES_AGGRESSIVE;
				GCC_WARN_UNUSED_FUNCTION = YES;
				GCC_WARN_UNUSED_VARIABLE = YES;
				IPHONEOS_DEPLOYMENT_TARGET = 16.2;
				MTL_ENABLE_DEBUG_INFO = NO;
				MTL_FAST_MATH = YES;
				SDKROOT = iphoneos;
				SWIFT_COMPILATION_MODE = wholemodule;
				SWIFT_OPTIMIZATION_LEVEL = "-O";
				VALIDATE_PRODUCT = YES;
			};
			name = Release;
		};
		9CD9933C2A1BA23400D01F3B /* Debug */ = {
			isa = XCBuildConfiguration;
			buildSettings = {
				ASSETCATALOG_COMPILER_APPICON_NAME = AppIcon;
				ASSETCATALOG_COMPILER_GLOBAL_ACCENT_COLOR_NAME = AccentColor;
				CODE_SIGN_STYLE = Automatic;
				CURRENT_PROJECT_VERSION = 1;
				GENERATE_INFOPLIST_FILE = YES;
				INFOPLIST_FILE = DemoApp/Info.plist;
				INFOPLIST_KEY_UIApplicationSupportsIndirectInputEvents = YES;
				INFOPLIST_KEY_UILaunchStoryboardName = LaunchScreen;
				INFOPLIST_KEY_UIMainStoryboardFile = Main;
				INFOPLIST_KEY_UISupportedInterfaceOrientations_iPad = "UIInterfaceOrientationPortrait UIInterfaceOrientationPortraitUpsideDown UIInterfaceOrientationLandscapeLeft UIInterfaceOrientationLandscapeRight";
				INFOPLIST_KEY_UISupportedInterfaceOrientations_iPhone = "UIInterfaceOrientationPortrait UIInterfaceOrientationLandscapeLeft UIInterfaceOrientationLandscapeRight";
				LD_RUNPATH_SEARCH_PATHS = (
					"$(inherited)",
					"@executable_path/Frameworks",
				);
				MARKETING_VERSION = 1.0;
				PRODUCT_BUNDLE_IDENTIFIER = com.my.DemoApp;
				PRODUCT_NAME = "$(TARGET_NAME)";
				SWIFT_EMIT_LOC_STRINGS = YES;
				SWIFT_VERSION = 5.0;
				TARGETED_DEVICE_FAMILY = "1,2";
			};
			name = Debug;
		};
		9CD9933D2A1BA23400D01F3B /* Release */ = {
			isa = XCBuildConfiguration;
			buildSettings = {
				ASSETCATALOG_COMPILER_APPICON_NAME = AppIcon;
				ASSETCATALOG_COMPILER_GLOBAL_ACCENT_COLOR_NAME = AccentColor;
				CODE_SIGN_STYLE = Automatic;
				CURRENT_PROJECT_VERSION = 1;
				GENERATE_INFOPLIST_FILE = YES;
				INFOPLIST_FILE = DemoApp/Info.plist;
				INFOPLIST_KEY_UIApplicationSupportsIndirectInputEvents = YES;
				INFOPLIST_KEY_UILaunchStoryboardName = LaunchScreen;
				INFOPLIST_KEY_UIMainStoryboardFile = Main;
				INFOPLIST_KEY_UISupportedInterfaceOrientations_iPad = "UIInterfaceOrientationPortrait UIInterfaceOrientationPortraitUpsideDown UIInterfaceOrientationLandscapeLeft UIInterfaceOrientationLandscapeRight";
				INFOPLIST_KEY_UISupportedInterfaceOrientations_iPhone = "UIInterfaceOrientationPortrait UIInterfaceOrientationLandscapeLeft UIInterfaceOrientationLandscapeRight";
				LD_RUNPATH_SEARCH_PATHS = (
					"$(inherited)",
					"@executable_path/Frameworks",
				);
				MARKETING_VERSION = 1.0;
				PRODUCT_BUNDLE_IDENTIFIER = com.my.DemoApp;
				PRODUCT_NAME = "$(TARGET_NAME)";
				SWIFT_EMIT_LOC_STRINGS = YES;
				SWIFT_VERSION = 5.0;
				TARGETED_DEVICE_FAMILY = "1,2";
			};
			name = Release;
		};
		9CD9933F2A1BA23400D01F3B /* Debug */ = {
			isa = XCBuildConfiguration;
			buildSettings = {
				ALWAYS_EMBED_SWIFT_STANDARD_LIBRARIES = YES;
				BUNDLE_LOADER = "$(TEST_HOST)";
				CODE_SIGN_STYLE = Automatic;
				CURRENT_PROJECT_VERSION = 1;
				GENERATE_INFOPLIST_FILE = YES;
				IPHONEOS_DEPLOYMENT_TARGET = 16.2;
				MARKETING_VERSION = 1.0;
				PRODUCT_BUNDLE_IDENTIFIER = com.my.DemoAppTests;
				PRODUCT_NAME = "$(TARGET_NAME)";
				SWIFT_EMIT_LOC_STRINGS = NO;
				SWIFT_VERSION = 5.0;
				TARGETED_DEVICE_FAMILY = "1,2";
				TEST_HOST = "$(BUILT_PRODUCTS_DIR)/DemoApp.app/$(BUNDLE_EXECUTABLE_FOLDER_PATH)/DemoApp";
			};
			name = Debug;
		};
		9CD993402A1BA23400D01F3B /* Release */ = {
			isa = XCBuildConfiguration;
			buildSettings = {
				ALWAYS_EMBED_SWIFT_STANDARD_LIBRARIES = YES;
				BUNDLE_LOADER = "$(TEST_HOST)";
				CODE_SIGN_STYLE = Automatic;
				CURRENT_PROJECT_VERSION = 1;
				GENERATE_INFOPLIST_FILE = YES;
				IPHONEOS_DEPLOYMENT_TARGET = 16.2;
				MARKETING_VERSION = 1.0;
				PRODUCT_BUNDLE_IDENTIFIER = com.my.DemoAppTests;
				PRODUCT_NAME = "$(TARGET_NAME)";
				SWIFT_EMIT_LOC_STRINGS = NO;
				SWIFT_VERSION = 5.0;
				TARGETED_DEVICE_FAMILY = "1,2";
				TEST_HOST = "$(BUILT_PRODUCTS_DIR)/DemoApp.app/$(BUNDLE_EXECUTABLE_FOLDER_PATH)/DemoApp";
			};
			name = Release;
		};
		9CD993422A1BA23400D01F3B /* Debug */ = {
			isa = XCBuildConfiguration;
			buildSettings = {
				ALWAYS_EMBED_SWIFT_STANDARD_LIBRARIES = YES;
				CODE_SIGN_STYLE = Automatic;
				CURRENT_PROJECT_VERSION = 1;
				GENERATE_INFOPLIST_FILE = YES;
				MARKETING_VERSION = 1.0;
				PRODUCT_BUNDLE_IDENTIFIER = com.my.DemoAppUITests;
				PRODUCT_NAME = "$(TARGET_NAME)";
				SWIFT_EMIT_LOC_STRINGS = NO;
				SWIFT_VERSION = 5.0;
				TARGETED_DEVICE_FAMILY = "1,2";
				TEST_TARGET_NAME = DemoApp;
			};
			name = Debug;
		};
		9CD993432A1BA23400D01F3B /* Release */ = {
			isa = XCBuildConfiguration;
			buildSettings = {
				ALWAYS_EMBED_SWIFT_STANDARD_LIBRARIES = YES;
				CODE_SIGN_STYLE = Automatic;
				CURRENT_PROJECT_VERSION = 1;
				GENERATE_INFOPLIST_FILE = YES;
				MARKETING_VERSION = 1.0;
				PRODUCT_BUNDLE_IDENTIFIER = com.my.DemoAppUITests;
				PRODUCT_NAME = "$(TARGET_NAME)";
				SWIFT_EMIT_LOC_STRINGS = NO;
				SWIFT_VERSION = 5.0;
				TARGETED_DEVICE_FAMILY = "1,2";
				TEST_TARGET_NAME = DemoApp;
			};
			name = Release;
		};
/* End XCBuildConfiguration section */

/* Begin XCConfigurationList section */
		9CD9930C2A1BA22900D01F3B /* Build configuration list for PBXProject "DemoApp" */ = {
			isa = XCConfigurationList;
			buildConfigurations = (
				9CD993392A1BA23400D01F3B /* Debug */,
				9CD9933A2A1BA23400D01F3B /* Release */,
			);
			defaultConfigurationIsVisible = 0;
			defaultConfigurationName = Release;
		};
		9CD9933B2A1BA23400D01F3B /* Build configuration list for PBXNativeTarget "DemoApp" */ = {
			isa = XCConfigurationList;
			buildConfigurations = (
				9CD9933C2A1BA23400D01F3B /* Debug */,
				9CD9933D2A1BA23400D01F3B /* Release */,
			);
			defaultConfigurationIsVisible = 0;
			defaultConfigurationName = Release;
		};
		9CD9933E2A1BA23400D01F3B /* Build configuration list for PBXNativeTarget "DemoAppTests" */ = {
			isa = XCConfigurationList;
			buildConfigurations = (
				9CD9933F2A1BA23400D01F3B /* Debug */,
				9CD993402A1BA23400D01F3B /* Release */,
			);
			defaultConfigurationIsVisible = 0;
			defaultConfigurationName = Release;
		};
		9CD993412A1BA23400D01F3B /* Build configuration list for PBXNativeTarget "DemoAppUITests" */ = {
			isa = XCConfigurationList;
			buildConfigurations = (
				9CD993422A1BA23400D01F3B /* Debug */,
				9CD993432A1BA23400D01F3B /* Release */,
			);
			defaultConfigurationIsVisible = 0;
			defaultConfigurationName = Release;
		};
/* End XCConfigurationList section */
	};
	rootObject = 9CD993092A1BA22900D01F3B /* Project object */;
}
